
Microsoft Visual Studio Solution File, Format Version 12.00
# Visual Studio Version 16
VisualStudioVersion = 16.0.30907.101
MinimumVisualStudioVersion = 10.0.40219.1
Project("{8BC9CEB8-8B4A-11D0-8D11-00A0C91BC942}") = "PSUDA", "PSUDA\PSUDA.vcxproj", "{155519A8-646C-4842-A821-A543DD707661}"
EndProject
Project("{8BC9CEB8-8B4A-11D0-8D11-00A0C91BC942}") = "RingPSO", "RingPSO\RingPSO.vcxproj", "{5EABB69B-E96A-45A7-BB28-07E3E50465D8}"
EndProject
Global
	GlobalSection(SolutionConfigurationPlatforms) = preSolution
		Debug|x64 = Debug|x64
		Release|x64 = Release|x64
	EndGlobalSection
	GlobalSection(ProjectConfigurationPlatforms) = postSolution
		{155519A8-646C-4842-A821-A543DD707661}.Debug|x64.ActiveCfg = Debug|x64
		{155519A8-646C-4842-A821-A543DD707661}.Debug|x64.Build.0 = Debug|x64
		{155519A8-646C-4842-A821-A543DD707661}.Release|x64.ActiveCfg = Release|x64
		{155519A8-646C-4842-A821-A543DD707661}.Release|x64.Build.0 = Release|x64
		{5EABB69B-E96A-45A7-BB28-07E3E50465D8}.Debug|x64.ActiveCfg = Debug|x64
		{5EABB69B-E96A-45A7-BB28-07E3E50465D8}.Debug|x64.Build.0 = Debug|x64
		{5EABB69B-E96A-45A7-BB28-07E3E50465D8}.Release|x64.ActiveCfg = Release|x64
		{5EABB69B-E96A-45A7-BB28-07E3E50465D8}.Release|x64.Build.0 = Release|x64
	EndGlobalSection
	GlobalSection(SolutionProperties) = preSolution
		HideSolutionNode = FALSE
	EndGlobalSection
	GlobalSection(ExtensibilityGlobals) = postSolution
		SolutionGuid = {D747F702-46CF-4A84-9172-89AF75B02CD3}
	EndGlobalSection
EndGlobal
